
Microsoft Visual Studio Solution File, Format Version 12.00
# Visual Studio Version 17
VisualStudioVersion = 17.2.32630.192
MinimumVisualStudioVersion = 10.0.40219.1
Project("{9A19103F-16F7-4668-BE54-9A1E7A4F7556}") = "ToDoAppNTier.DataAccess", "ToDoAppNTier.DataAccess\ToDoAppNTier.DataAccess.csproj", "{CE36B097-BCB2-42BD-8443-351767533CD0}"
EndProject
Project("{9A19103F-16F7-4668-BE54-9A1E7A4F7556}") = "ToDoAppNTier.Bussiness", "ToDoAppNTier.Bussiness\ToDoAppNTier.Bussiness.csproj", "{5F5CE858-8807-4807-AEE0-81D47C254FD9}"
EndProject
Project("{9A19103F-16F7-4668-BE54-9A1E7A4F7556}") = "ToDoAppNTier.Entities", "ToDoAppNTier.Entities\ToDoAppNTier.Entities.csproj", "{F6AF773F-69C5-45A0-80CF-67F5A4D44A1A}"
EndProject
Project("{9A19103F-16F7-4668-BE54-9A1E7A4F7556}") = "ToDoAppNTier.Dtos", "ToDoAppNTier.Dtos\ToDoAppNTier.Dtos.csproj", "{B0A0A06F-C113-4AA0-A712-81A285F13675}"
EndProject
Project("{9A19103F-16F7-4668-BE54-9A1E7A4F7556}") = "ToDoAppNTier.UI", "ToDoAppNTier.UI\ToDoAppNTier.UI.csproj", "{1A16F1B3-2F9F-4EE9-B9B3-E524D44966B2}"
EndProject
Project("{FAE04EC0-301F-11D3-BF4B-00C04F79EFBC}") = "ToDoAppNTier.Common", "ToDoAppNTier.Common\ToDoAppNTier.Common.csproj", "{3E62CD39-4EF9-46CC-8F42-6E312EC4B7F1}"
EndProject
Global
	GlobalSection(SolutionConfigurationPlatforms) = preSolution
		Debug|Any CPU = Debug|Any CPU
		Release|Any CPU = Release|Any CPU
	EndGlobalSection
	GlobalSection(ProjectConfigurationPlatforms) = postSolution
		{CE36B097-BCB2-42BD-8443-351767533CD0}.Debug|Any CPU.ActiveCfg = Debug|Any CPU
		{CE36B097-BCB2-42BD-8443-351767533CD0}.Debug|Any CPU.Build.0 = Debug|Any CPU
		{CE36B097-BCB2-42BD-8443-351767533CD0}.Release|Any CPU.ActiveCfg = Release|Any CPU
		{CE36B097-BCB2-42BD-8443-351767533CD0}.Release|Any CPU.Build.0 = Release|Any CPU
		{5F5CE858-8807-4807-AEE0-81D47C254FD9}.Debug|Any CPU.ActiveCfg = Debug|Any CPU
		{5F5CE858-8807-4807-AEE0-81D47C254FD9}.Debug|Any CPU.Build.0 = Debug|Any CPU
		{5F5CE858-8807-4807-AEE0-81D47C254FD9}.Release|Any CPU.ActiveCfg = Release|Any CPU
		{5F5CE858-8807-4807-AEE0-81D47C254FD9}.Release|Any CPU.Build.0 = Release|Any CPU
		{F6AF773F-69C5-45A0-80CF-67F5A4D44A1A}.Debug|Any CPU.ActiveCfg = Debug|Any CPU
		{F6AF773F-69C5-45A0-80CF-67F5A4D44A1A}.Debug|Any CPU.Build.0 = Debug|Any CPU
		{F6AF773F-69C5-45A0-80CF-67F5A4D44A1A}.Release|Any CPU.ActiveCfg = Release|Any CPU
		{F6AF773F-69C5-45A0-80CF-67F5A4D44A1A}.Release|Any CPU.Build.0 = Release|Any CPU
		{B0A0A06F-C113-4AA0-A712-81A285F13675}.Debug|Any CPU.ActiveCfg = Debug|Any CPU
		{B0A0A06F-C113-4AA0-A712-81A285F13675}.Debug|Any CPU.Build.0 = Debug|Any CPU
		{B0A0A06F-C113-4AA0-A712-81A285F13675}.Release|Any CPU.ActiveCfg = Release|Any CPU
		{B0A0A06F-C113-4AA0-A712-81A285F13675}.Release|Any CPU.Build.0 = Release|Any CPU
		{1A16F1B3-2F9F-4EE9-B9B3-E524D44966B2}.Debug|Any CPU.ActiveCfg = Debug|Any CPU
		{1A16F1B3-2F9F-4EE9-B9B3-E524D44966B2}.Debug|Any CPU.Build.0 = Debug|Any CPU
		{1A16F1B3-2F9F-4EE9-B9B3-E524D44966B2}.Release|Any CPU.ActiveCfg = Release|Any CPU
		{1A16F1B3-2F9F-4EE9-B9B3-E524D44966B2}.Release|Any CPU.Build.0 = Release|Any CPU
		{3E62CD39-4EF9-46CC-8F42-6E312EC4B7F1}.Debug|Any CPU.ActiveCfg = Debug|Any CPU
		{3E62CD39-4EF9-46CC-8F42-6E312EC4B7F1}.Debug|Any CPU.Build.0 = Debug|Any CPU
		{3E62CD39-4EF9-46CC-8F42-6E312EC4B7F1}.Release|Any CPU.ActiveCfg = Release|Any CPU
		{3E62CD39-4EF9-46CC-8F42-6E312EC4B7F1}.Release|Any CPU.Build.0 = Release|Any CPU
	EndGlobalSection
	GlobalSection(SolutionProperties) = preSolution
		HideSolutionNode = FALSE
	EndGlobalSection
	GlobalSection(ExtensibilityGlobals) = postSolution
		SolutionGuid = {C34B4108-F9B1-4727-9198-2EB387D24F0D}
	EndGlobalSection
EndGlobal
